
Microsoft Visual Studio Solution File, Format Version 12.00
# Visual Studio Version 17
VisualStudioVersion = 17.5.33530.505
MinimumVisualStudioVersion = 10.0.40219.1
Project("{2150E333-8FDC-42A3-9474-1A3956D46DE8}") = "DataAcess", "DataAcess", "{33B918EB-42F7-4258-897A-BD446D2EFE7C}"
EndProject
Project("{9A19103F-16F7-4668-BE54-9A1E7A4F7556}") = "DotNetSampleWebAPI", "DotNetSampleWebAPI\DotNetSampleWebAPI.csproj", "{4200BB00-2E8B-40B8-8A90-485F3B92C038}"
EndProject
Project("{9A19103F-16F7-4668-BE54-9A1E7A4F7556}") = "DataAccess", "DataAccess\DataAccess.csproj", "{F3449A1B-25C9-4231-A14A-532087542E3A}"
EndProject
Project("{FAE04EC0-301F-11D3-BF4B-00C04F79EFBC}") = "DataAccess Interfaces", "DataAccess Interfaces\DataAccess Interfaces.csproj", "{4B77E301-9E51-49D7-B484-6449701FFA84}"
EndProject
Global
	GlobalSection(SolutionConfigurationPlatforms) = preSolution
		Debug|Any CPU = Debug|Any CPU
		Release|Any CPU = Release|Any CPU
	EndGlobalSection
	GlobalSection(ProjectConfigurationPlatforms) = postSolution
		{4200BB00-2E8B-40B8-8A90-485F3B92C038}.Debug|Any CPU.ActiveCfg = Debug|Any CPU
		{4200BB00-2E8B-40B8-8A90-485F3B92C038}.Debug|Any CPU.Build.0 = Debug|Any CPU
		{4200BB00-2E8B-40B8-8A90-485F3B92C038}.Release|Any CPU.ActiveCfg = Release|Any CPU
		{4200BB00-2E8B-40B8-8A90-485F3B92C038}.Release|Any CPU.Build.0 = Release|Any CPU
		{F3449A1B-25C9-4231-A14A-532087542E3A}.Debug|Any CPU.ActiveCfg = Debug|Any CPU
		{F3449A1B-25C9-4231-A14A-532087542E3A}.Debug|Any CPU.Build.0 = Debug|Any CPU
		{F3449A1B-25C9-4231-A14A-532087542E3A}.Release|Any CPU.ActiveCfg = Release|Any CPU
		{F3449A1B-25C9-4231-A14A-532087542E3A}.Release|Any CPU.Build.0 = Release|Any CPU
		{4B77E301-9E51-49D7-B484-6449701FFA84}.Debug|Any CPU.ActiveCfg = Debug|Any CPU
		{4B77E301-9E51-49D7-B484-6449701FFA84}.Debug|Any CPU.Build.0 = Debug|Any CPU
		{4B77E301-9E51-49D7-B484-6449701FFA84}.Release|Any CPU.ActiveCfg = Release|Any CPU
		{4B77E301-9E51-49D7-B484-6449701FFA84}.Release|Any CPU.Build.0 = Release|Any CPU
	EndGlobalSection
	GlobalSection(SolutionProperties) = preSolution
		HideSolutionNode = FALSE
	EndGlobalSection
	GlobalSection(NestedProjects) = preSolution
		{F3449A1B-25C9-4231-A14A-532087542E3A} = {33B918EB-42F7-4258-897A-BD446D2EFE7C}
		{4B77E301-9E51-49D7-B484-6449701FFA84} = {33B918EB-42F7-4258-897A-BD446D2EFE7C}
	EndGlobalSection
	GlobalSection(ExtensibilityGlobals) = postSolution
		SolutionGuid = {D555127F-D449-4247-AFE3-8601F12FA150}
	EndGlobalSection
EndGlobal
